
Microsoft Visual Studio Solution File, Format Version 12.00
# Visual Studio Version 17
VisualStudioVersion = 17.2.32630.192
MinimumVisualStudioVersion = 10.0.40219.1
Project("{8BC9CEB8-8B4A-11D0-8D11-00A0C91BC942}") = "NamedPipe", "NamedPipe\NamedPipe.vcxproj", "{45B75BD2-1EFC-49ED-B4B0-CC6C657D7FA1}"
EndProject
Project("{8BC9CEB8-8B4A-11D0-8D11-00A0C91BC942}") = "SecondProcess", "SecondProcess\SecondProcess.vcxproj", "{87541E59-7B43-47CA-AADE-F4270BBC2766}"
EndProject
Global
	GlobalSection(SolutionConfigurationPlatforms) = preSolution
		Debug|x64 = Debug|x64
		Debug|x86 = Debug|x86
		Release|x64 = Release|x64
		Release|x86 = Release|x86
	EndGlobalSection
	GlobalSection(ProjectConfigurationPlatforms) = postSolution
		{45B75BD2-1EFC-49ED-B4B0-CC6C657D7FA1}.Debug|x64.ActiveCfg = Debug|x64
		{45B75BD2-1EFC-49ED-B4B0-CC6C657D7FA1}.Debug|x64.Build.0 = Debug|x64
		{45B75BD2-1EFC-49ED-B4B0-CC6C657D7FA1}.Debug|x86.ActiveCfg = Debug|Win32
		{45B75BD2-1EFC-49ED-B4B0-CC6C657D7FA1}.Debug|x86.Build.0 = Debug|Win32
		{45B75BD2-1EFC-49ED-B4B0-CC6C657D7FA1}.Release|x64.ActiveCfg = Release|x64
		{45B75BD2-1EFC-49ED-B4B0-CC6C657D7FA1}.Release|x64.Build.0 = Release|x64
		{45B75BD2-1EFC-49ED-B4B0-CC6C657D7FA1}.Release|x86.ActiveCfg = Release|Win32
		{45B75BD2-1EFC-49ED-B4B0-CC6C657D7FA1}.Release|x86.Build.0 = Release|Win32
		{87541E59-7B43-47CA-AADE-F4270BBC2766}.Debug|x64.ActiveCfg = Debug|x64
		{87541E59-7B43-47CA-AADE-F4270BBC2766}.Debug|x64.Build.0 = Debug|x64
		{87541E59-7B43-47CA-AADE-F4270BBC2766}.Debug|x86.ActiveCfg = Debug|Win32
		{87541E59-7B43-47CA-AADE-F4270BBC2766}.Debug|x86.Build.0 = Debug|Win32
		{87541E59-7B43-47CA-AADE-F4270BBC2766}.Release|x64.ActiveCfg = Release|x64
		{87541E59-7B43-47CA-AADE-F4270BBC2766}.Release|x64.Build.0 = Release|x64
		{87541E59-7B43-47CA-AADE-F4270BBC2766}.Release|x86.ActiveCfg = Release|Win32
		{87541E59-7B43-47CA-AADE-F4270BBC2766}.Release|x86.Build.0 = Release|Win32
	EndGlobalSection
	GlobalSection(SolutionProperties) = preSolution
		HideSolutionNode = FALSE
	EndGlobalSection
	GlobalSection(ExtensibilityGlobals) = postSolution
		SolutionGuid = {3567F51C-9BBB-4DC3-95CE-712AB8F0BA2F}
	EndGlobalSection
EndGlobal
